
Microsoft Visual Studio Solution File, Format Version 12.00
# Visual Studio 14
VisualStudioVersion = 14.0.23107.0
MinimumVisualStudioVersion = 10.0.40219.1
Project("{FAE04EC0-301F-11D3-BF4B-00C04F79EFBC}") = "VOLLEYTEAMEsbjergServer", "VOLLEYTEAMEsbjergServer\VOLLEYTEAMEsbjergServer.csproj", "{ADF58EE7-2FEB-42B5-B126-AB740978C41D}"
EndProject
Project("{FAE04EC0-301F-11D3-BF4B-00C04F79EFBC}") = "DataAccessLayer", "DataAccessLayer\DataAccessLayer.csproj", "{2A9B90B6-A737-4685-A3B1-B11E7A98A842}"
EndProject
Project("{FAE04EC0-301F-11D3-BF4B-00C04F79EFBC}") = "DataTransferObjects", "DataTransferObjects\DataTransferObjects.csproj", "{765B5AE9-2F40-4D5A-BFEB-1FAE4BDEE6C2}"
EndProject
Project("{FAE04EC0-301F-11D3-BF4B-00C04F79EFBC}") = "Rest_Api", "Rest_Api\Rest_Api.csproj", "{B8DCEBE5-5C38-4D6E-83E4-0CFBFF93CC80}"
EndProject
Project("{FAE04EC0-301F-11D3-BF4B-00C04F79EFBC}") = "BusinessLogicLayer", "BusinessLogicLayer\BusinessLogicLayer.csproj", "{45EDD12E-07F6-424F-B1F3-C7B85D5DAD5F}"
EndProject
Project("{FAE04EC0-301F-11D3-BF4B-00C04F79EFBC}") = "BuisnessLogicLayer_Test", "BuisnessLogicLayer_Test\BuisnessLogicLayer_Test.csproj", "{7D38C886-C6A8-41A7-B33D-2EE35B9D3454}"
EndProject
Global
	GlobalSection(SolutionConfigurationPlatforms) = preSolution
		Debug|Any CPU = Debug|Any CPU
		Release|Any CPU = Release|Any CPU
	EndGlobalSection
	GlobalSection(ProjectConfigurationPlatforms) = postSolution
		{ADF58EE7-2FEB-42B5-B126-AB740978C41D}.Debug|Any CPU.ActiveCfg = Debug|Any CPU
		{ADF58EE7-2FEB-42B5-B126-AB740978C41D}.Debug|Any CPU.Build.0 = Debug|Any CPU
		{ADF58EE7-2FEB-42B5-B126-AB740978C41D}.Release|Any CPU.ActiveCfg = Release|Any CPU
		{ADF58EE7-2FEB-42B5-B126-AB740978C41D}.Release|Any CPU.Build.0 = Release|Any CPU
		{2A9B90B6-A737-4685-A3B1-B11E7A98A842}.Debug|Any CPU.ActiveCfg = Debug|Any CPU
		{2A9B90B6-A737-4685-A3B1-B11E7A98A842}.Debug|Any CPU.Build.0 = Debug|Any CPU
		{2A9B90B6-A737-4685-A3B1-B11E7A98A842}.Release|Any CPU.ActiveCfg = Release|Any CPU
		{2A9B90B6-A737-4685-A3B1-B11E7A98A842}.Release|Any CPU.Build.0 = Release|Any CPU
		{765B5AE9-2F40-4D5A-BFEB-1FAE4BDEE6C2}.Debug|Any CPU.ActiveCfg = Debug|Any CPU
		{765B5AE9-2F40-4D5A-BFEB-1FAE4BDEE6C2}.Debug|Any CPU.Build.0 = Debug|Any CPU
		{765B5AE9-2F40-4D5A-BFEB-1FAE4BDEE6C2}.Release|Any CPU.ActiveCfg = Release|Any CPU
		{765B5AE9-2F40-4D5A-BFEB-1FAE4BDEE6C2}.Release|Any CPU.Build.0 = Release|Any CPU
		{B8DCEBE5-5C38-4D6E-83E4-0CFBFF93CC80}.Debug|Any CPU.ActiveCfg = Debug|Any CPU
		{B8DCEBE5-5C38-4D6E-83E4-0CFBFF93CC80}.Debug|Any CPU.Build.0 = Debug|Any CPU
		{B8DCEBE5-5C38-4D6E-83E4-0CFBFF93CC80}.Release|Any CPU.ActiveCfg = Release|Any CPU
		{B8DCEBE5-5C38-4D6E-83E4-0CFBFF93CC80}.Release|Any CPU.Build.0 = Release|Any CPU
		{45EDD12E-07F6-424F-B1F3-C7B85D5DAD5F}.Debug|Any CPU.ActiveCfg = Debug|Any CPU
		{45EDD12E-07F6-424F-B1F3-C7B85D5DAD5F}.Debug|Any CPU.Build.0 = Debug|Any CPU
		{45EDD12E-07F6-424F-B1F3-C7B85D5DAD5F}.Release|Any CPU.ActiveCfg = Release|Any CPU
		{45EDD12E-07F6-424F-B1F3-C7B85D5DAD5F}.Release|Any CPU.Build.0 = Release|Any CPU
		{7D38C886-C6A8-41A7-B33D-2EE35B9D3454}.Debug|Any CPU.ActiveCfg = Debug|Any CPU
		{7D38C886-C6A8-41A7-B33D-2EE35B9D3454}.Debug|Any CPU.Build.0 = Debug|Any CPU
		{7D38C886-C6A8-41A7-B33D-2EE35B9D3454}.Release|Any CPU.ActiveCfg = Release|Any CPU
		{7D38C886-C6A8-41A7-B33D-2EE35B9D3454}.Release|Any CPU.Build.0 = Release|Any CPU
	EndGlobalSection
	GlobalSection(SolutionProperties) = preSolution
		HideSolutionNode = FALSE
	EndGlobalSection
EndGlobal
